
Microsoft Visual Studio Solution File, Format Version 12.00
# Visual Studio Version 16
VisualStudioVersion = 16.0.30907.101
MinimumVisualStudioVersion = 10.0.40219.1
Project("{FAE04EC0-301F-11D3-BF4B-00C04F79EFBC}") = "web1(1)(2)", "web1(1)(2).csproj", "{34526845-329C-4F4D-A40F-093D17823377}"
EndProject
Project("{FAE04EC0-301F-11D3-BF4B-00C04F79EFBC}") = "web1(3)", "exercise3\web1(3).csproj", "{CDDF8FA1-1A36-437C-921B-B9969097C8B6}"
EndProject
Project("{FAE04EC0-301F-11D3-BF4B-00C04F79EFBC}") = "web1(4)", "web1(4)\web1(4).csproj", "{9FF42C89-5661-4D84-9DFA-B383324F25D7}"
EndProject
Project("{FAE04EC0-301F-11D3-BF4B-00C04F79EFBC}") = "web2(1)", "web2(1)\web2(1).csproj", "{056A261A-6A51-4DFE-81DC-EB979F08441D}"
EndProject
Project("{FAE04EC0-301F-11D3-BF4B-00C04F79EFBC}") = "web2(4)", "web2(4)\web2(4).csproj", "{F77C80EE-B14B-41C3-B07A-5D9C5C3DA651}"
EndProject
Project("{FAE04EC0-301F-11D3-BF4B-00C04F79EFBC}") = "web2(5)", "web2(5)\web2(5).csproj", "{7E362080-67AC-4C60-9BE2-464777920879}"
EndProject
Project("{FAE04EC0-301F-11D3-BF4B-00C04F79EFBC}") = "web1(5)", "..\web1(5)\web1(5).csproj", "{C335688B-98A5-4458-8026-8EA70D295601}"
EndProject
Project("{FAE04EC0-301F-11D3-BF4B-00C04F79EFBC}") = "web2(6)", "..\web2(6)\web2(6).csproj", "{CAD33649-841A-4CF4-8131-6F6FF464B97C}"
EndProject
Project("{FAE04EC0-301F-11D3-BF4B-00C04F79EFBC}") = "web2(7)", "..\web2(7)\web2(7).csproj", "{BD701893-7DFE-4429-9DF6-3121533A33D6}"
EndProject
Project("{FAE04EC0-301F-11D3-BF4B-00C04F79EFBC}") = "web4(1)", "web4(1)\web4(1).csproj", "{E4FB8516-F65A-45CE-835D-E2529A430D58}"
EndProject
Project("{FAE04EC0-301F-11D3-BF4B-00C04F79EFBC}") = "web4(2)", "web4(2)\web4(2).csproj", "{A32B7296-0254-4A81-B8F6-BE71E89FC670}"
EndProject
Project("{FAE04EC0-301F-11D3-BF4B-00C04F79EFBC}") = "web3(1and2)", "webinar3(1and2)\web3(1and2).csproj", "{CBC224F0-2C21-428E-A4D2-BDFE47B73455}"
EndProject
Project("{FAE04EC0-301F-11D3-BF4B-00C04F79EFBC}") = "web5(4)", "web5(1)\web5(4).csproj", "{71CF98E9-94FA-4C67-9206-22CB637D5305}"
EndProject
Project("{FAE04EC0-301F-11D3-BF4B-00C04F79EFBC}") = "web5(3)", "web5(3)\web5(3).csproj", "{7DC39992-9620-4230-90C0-854B607B5CA1}"
EndProject
Project("{FAE04EC0-301F-11D3-BF4B-00C04F79EFBC}") = "web6(3)", "web6(3)\web6(3).csproj", "{5EA2F55E-AAB5-4612-9265-2F8A2E0E7064}"
EndProject
Project("{FAE04EC0-301F-11D3-BF4B-00C04F79EFBC}") = "web6(4)", "web6(4)\web6(4).csproj", "{375FD817-EB93-4C2E-B02D-A451AE4239BA}"
EndProject
Project("{9A19103F-16F7-4668-BE54-9A1E7A4F7556}") = "web7(1)", "web7(1)\web7(1).csproj", "{DAC01791-C95A-40D9-81D3-7B8C5664354D}"
EndProject
Project("{9A19103F-16F7-4668-BE54-9A1E7A4F7556}") = "web7(2)", "web7(2)\web7(2).csproj", "{51228C2D-999D-4D51-8F1F-54AEC76D5D8A}"
EndProject
Project("{2150E333-8FDC-42A3-9474-1A3956D46DE8}") = "Solution Items", "Solution Items", "{E8AA9755-CCC4-4082-84F5-8EF87378E310}"
	ProjectSection(SolutionItems) = preProject
		.editorconfig = .editorconfig
	EndProjectSection
EndProject
Project("{9A19103F-16F7-4668-BE54-9A1E7A4F7556}") = "web8(1)", "web8(1)\web8(1).csproj", "{28780751-286D-4A25-863E-2944EDFC08FE}"
EndProject
Project("{FAE04EC0-301F-11D3-BF4B-00C04F79EFBC}") = "web4(3)", "web4(3)\web4(3).csproj", "{7623ED88-A37B-4F09-9690-37187E441F6B}"
EndProject
Project("{FAE04EC0-301F-11D3-BF4B-00C04F79EFBC}") = "web4(5)", "web4(5)\web4(5).csproj", "{4DE5142D-D4F4-4715-9AFF-90912662B4E4}"
EndProject
Global
	GlobalSection(SolutionConfigurationPlatforms) = preSolution
		Debug|Any CPU = Debug|Any CPU
		Release|Any CPU = Release|Any CPU
	EndGlobalSection
	GlobalSection(ProjectConfigurationPlatforms) = postSolution
		{34526845-329C-4F4D-A40F-093D17823377}.Debug|Any CPU.ActiveCfg = Debug|Any CPU
		{34526845-329C-4F4D-A40F-093D17823377}.Debug|Any CPU.Build.0 = Debug|Any CPU
		{34526845-329C-4F4D-A40F-093D17823377}.Release|Any CPU.ActiveCfg = Release|Any CPU
		{34526845-329C-4F4D-A40F-093D17823377}.Release|Any CPU.Build.0 = Release|Any CPU
		{CDDF8FA1-1A36-437C-921B-B9969097C8B6}.Debug|Any CPU.ActiveCfg = Debug|Any CPU
		{CDDF8FA1-1A36-437C-921B-B9969097C8B6}.Debug|Any CPU.Build.0 = Debug|Any CPU
		{CDDF8FA1-1A36-437C-921B-B9969097C8B6}.Release|Any CPU.ActiveCfg = Release|Any CPU
		{CDDF8FA1-1A36-437C-921B-B9969097C8B6}.Release|Any CPU.Build.0 = Release|Any CPU
		{9FF42C89-5661-4D84-9DFA-B383324F25D7}.Debug|Any CPU.ActiveCfg = Debug|Any CPU
		{9FF42C89-5661-4D84-9DFA-B383324F25D7}.Debug|Any CPU.Build.0 = Debug|Any CPU
		{9FF42C89-5661-4D84-9DFA-B383324F25D7}.Release|Any CPU.ActiveCfg = Release|Any CPU
		{9FF42C89-5661-4D84-9DFA-B383324F25D7}.Release|Any CPU.Build.0 = Release|Any CPU
		{056A261A-6A51-4DFE-81DC-EB979F08441D}.Debug|Any CPU.ActiveCfg = Debug|Any CPU
		{056A261A-6A51-4DFE-81DC-EB979F08441D}.Debug|Any CPU.Build.0 = Debug|Any CPU
		{056A261A-6A51-4DFE-81DC-EB979F08441D}.Release|Any CPU.ActiveCfg = Release|Any CPU
		{056A261A-6A51-4DFE-81DC-EB979F08441D}.Release|Any CPU.Build.0 = Release|Any CPU
		{F77C80EE-B14B-41C3-B07A-5D9C5C3DA651}.Debug|Any CPU.ActiveCfg = Debug|Any CPU
		{F77C80EE-B14B-41C3-B07A-5D9C5C3DA651}.Debug|Any CPU.Build.0 = Debug|Any CPU
		{F77C80EE-B14B-41C3-B07A-5D9C5C3DA651}.Release|Any CPU.ActiveCfg = Release|Any CPU
		{F77C80EE-B14B-41C3-B07A-5D9C5C3DA651}.Release|Any CPU.Build.0 = Release|Any CPU
		{7E362080-67AC-4C60-9BE2-464777920879}.Debug|Any CPU.ActiveCfg = Debug|Any CPU
		{7E362080-67AC-4C60-9BE2-464777920879}.Debug|Any CPU.Build.0 = Debug|Any CPU
		{7E362080-67AC-4C60-9BE2-464777920879}.Release|Any CPU.ActiveCfg = Release|Any CPU
		{7E362080-67AC-4C60-9BE2-464777920879}.Release|Any CPU.Build.0 = Release|Any CPU
		{C335688B-98A5-4458-8026-8EA70D295601}.Debug|Any CPU.ActiveCfg = Debug|Any CPU
		{C335688B-98A5-4458-8026-8EA70D295601}.Debug|Any CPU.Build.0 = Debug|Any CPU
		{C335688B-98A5-4458-8026-8EA70D295601}.Release|Any CPU.ActiveCfg = Release|Any CPU
		{C335688B-98A5-4458-8026-8EA70D295601}.Release|Any CPU.Build.0 = Release|Any CPU
		{CAD33649-841A-4CF4-8131-6F6FF464B97C}.Debug|Any CPU.ActiveCfg = Debug|Any CPU
		{CAD33649-841A-4CF4-8131-6F6FF464B97C}.Debug|Any CPU.Build.0 = Debug|Any CPU
		{CAD33649-841A-4CF4-8131-6F6FF464B97C}.Release|Any CPU.ActiveCfg = Release|Any CPU
		{CAD33649-841A-4CF4-8131-6F6FF464B97C}.Release|Any CPU.Build.0 = Release|Any CPU
		{BD701893-7DFE-4429-9DF6-3121533A33D6}.Debug|Any CPU.ActiveCfg = Debug|Any CPU
		{BD701893-7DFE-4429-9DF6-3121533A33D6}.Debug|Any CPU.Build.0 = Debug|Any CPU
		{BD701893-7DFE-4429-9DF6-3121533A33D6}.Release|Any CPU.ActiveCfg = Release|Any CPU
		{BD701893-7DFE-4429-9DF6-3121533A33D6}.Release|Any CPU.Build.0 = Release|Any CPU
		{E4FB8516-F65A-45CE-835D-E2529A430D58}.Debug|Any CPU.ActiveCfg = Debug|Any CPU
		{E4FB8516-F65A-45CE-835D-E2529A430D58}.Debug|Any CPU.Build.0 = Debug|Any CPU
		{E4FB8516-F65A-45CE-835D-E2529A430D58}.Release|Any CPU.ActiveCfg = Release|Any CPU
		{E4FB8516-F65A-45CE-835D-E2529A430D58}.Release|Any CPU.Build.0 = Release|Any CPU
		{A32B7296-0254-4A81-B8F6-BE71E89FC670}.Debug|Any CPU.ActiveCfg = Debug|Any CPU
		{A32B7296-0254-4A81-B8F6-BE71E89FC670}.Debug|Any CPU.Build.0 = Debug|Any CPU
		{A32B7296-0254-4A81-B8F6-BE71E89FC670}.Release|Any CPU.ActiveCfg = Release|Any CPU
		{A32B7296-0254-4A81-B8F6-BE71E89FC670}.Release|Any CPU.Build.0 = Release|Any CPU
		{CBC224F0-2C21-428E-A4D2-BDFE47B73455}.Debug|Any CPU.ActiveCfg = Debug|Any CPU
		{CBC224F0-2C21-428E-A4D2-BDFE47B73455}.Debug|Any CPU.Build.0 = Debug|Any CPU
		{CBC224F0-2C21-428E-A4D2-BDFE47B73455}.Release|Any CPU.ActiveCfg = Release|Any CPU
		{CBC224F0-2C21-428E-A4D2-BDFE47B73455}.Release|Any CPU.Build.0 = Release|Any CPU
		{71CF98E9-94FA-4C67-9206-22CB637D5305}.Debug|Any CPU.ActiveCfg = Debug|Any CPU
		{71CF98E9-94FA-4C67-9206-22CB637D5305}.Debug|Any CPU.Build.0 = Debug|Any CPU
		{71CF98E9-94FA-4C67-9206-22CB637D5305}.Release|Any CPU.ActiveCfg = Release|Any CPU
		{71CF98E9-94FA-4C67-9206-22CB637D5305}.Release|Any CPU.Build.0 = Release|Any CPU
		{7DC39992-9620-4230-90C0-854B607B5CA1}.Debug|Any CPU.ActiveCfg = Debug|Any CPU
		{7DC39992-9620-4230-90C0-854B607B5CA1}.Debug|Any CPU.Build.0 = Debug|Any CPU
		{7DC39992-9620-4230-90C0-854B607B5CA1}.Release|Any CPU.ActiveCfg = Release|Any CPU
		{7DC39992-9620-4230-90C0-854B607B5CA1}.Release|Any CPU.Build.0 = Release|Any CPU
		{5EA2F55E-AAB5-4612-9265-2F8A2E0E7064}.Debug|Any CPU.ActiveCfg = Debug|Any CPU
		{5EA2F55E-AAB5-4612-9265-2F8A2E0E7064}.Debug|Any CPU.Build.0 = Debug|Any CPU
		{5EA2F55E-AAB5-4612-9265-2F8A2E0E7064}.Release|Any CPU.ActiveCfg = Release|Any CPU
		{5EA2F55E-AAB5-4612-9265-2F8A2E0E7064}.Release|Any CPU.Build.0 = Release|Any CPU
		{375FD817-EB93-4C2E-B02D-A451AE4239BA}.Debug|Any CPU.ActiveCfg = Debug|Any CPU
		{375FD817-EB93-4C2E-B02D-A451AE4239BA}.Debug|Any CPU.Build.0 = Debug|Any CPU
		{375FD817-EB93-4C2E-B02D-A451AE4239BA}.Release|Any CPU.ActiveCfg = Release|Any CPU
		{375FD817-EB93-4C2E-B02D-A451AE4239BA}.Release|Any CPU.Build.0 = Release|Any CPU
		{DAC01791-C95A-40D9-81D3-7B8C5664354D}.Debug|Any CPU.ActiveCfg = Debug|Any CPU
		{DAC01791-C95A-40D9-81D3-7B8C5664354D}.Debug|Any CPU.Build.0 = Debug|Any CPU
		{DAC01791-C95A-40D9-81D3-7B8C5664354D}.Release|Any CPU.ActiveCfg = Release|Any CPU
		{DAC01791-C95A-40D9-81D3-7B8C5664354D}.Release|Any CPU.Build.0 = Release|Any CPU
		{51228C2D-999D-4D51-8F1F-54AEC76D5D8A}.Debug|Any CPU.ActiveCfg = Debug|Any CPU
		{51228C2D-999D-4D51-8F1F-54AEC76D5D8A}.Debug|Any CPU.Build.0 = Debug|Any CPU
		{51228C2D-999D-4D51-8F1F-54AEC76D5D8A}.Release|Any CPU.ActiveCfg = Release|Any CPU
		{51228C2D-999D-4D51-8F1F-54AEC76D5D8A}.Release|Any CPU.Build.0 = Release|Any CPU
		{28780751-286D-4A25-863E-2944EDFC08FE}.Debug|Any CPU.ActiveCfg = Debug|Any CPU
		{28780751-286D-4A25-863E-2944EDFC08FE}.Debug|Any CPU.Build.0 = Debug|Any CPU
		{28780751-286D-4A25-863E-2944EDFC08FE}.Release|Any CPU.ActiveCfg = Release|Any CPU
		{28780751-286D-4A25-863E-2944EDFC08FE}.Release|Any CPU.Build.0 = Release|Any CPU
		{7623ED88-A37B-4F09-9690-37187E441F6B}.Debug|Any CPU.ActiveCfg = Debug|Any CPU
		{7623ED88-A37B-4F09-9690-37187E441F6B}.Debug|Any CPU.Build.0 = Debug|Any CPU
		{7623ED88-A37B-4F09-9690-37187E441F6B}.Release|Any CPU.ActiveCfg = Release|Any CPU
		{7623ED88-A37B-4F09-9690-37187E441F6B}.Release|Any CPU.Build.0 = Release|Any CPU
		{4DE5142D-D4F4-4715-9AFF-90912662B4E4}.Debug|Any CPU.ActiveCfg = Debug|Any CPU
		{4DE5142D-D4F4-4715-9AFF-90912662B4E4}.Debug|Any CPU.Build.0 = Debug|Any CPU
		{4DE5142D-D4F4-4715-9AFF-90912662B4E4}.Release|Any CPU.ActiveCfg = Release|Any CPU
		{4DE5142D-D4F4-4715-9AFF-90912662B4E4}.Release|Any CPU.Build.0 = Release|Any CPU
	EndGlobalSection
	GlobalSection(SolutionProperties) = preSolution
		HideSolutionNode = FALSE
	EndGlobalSection
	GlobalSection(ExtensibilityGlobals) = postSolution
		SolutionGuid = {8D51055B-548E-4FE8-971C-A71780C9F4A5}
	EndGlobalSection
EndGlobal
